
Microsoft Visual Studio Solution File, Format Version 12.00
# Visual Studio 2013
VisualStudioVersion = 12.0.40629.0
MinimumVisualStudioVersion = 10.0.40219.1
Project("{FAE04EC0-301F-11D3-BF4B-00C04F79EFBC}") = "AppointmentControl.Droid", "AppointmentControl\AppointmentControl.Droid\AppointmentControl.Droid.csproj", "{C92BA176-054F-4221-B2FF-18A0328DF4B9}"
EndProject
Project("{FAE04EC0-301F-11D3-BF4B-00C04F79EFBC}") = "AppointmentControl.iOS", "AppointmentControl\AppointmentControl.iOS\AppointmentControl.iOS.csproj", "{50622033-50AA-4A5C-A0A7-694CF45DC250}"
EndProject
Project("{FAE04EC0-301F-11D3-BF4B-00C04F79EFBC}") = "AppointmentControl.WinPhone", "AppointmentControl\AppointmentControl.WinPhone\AppointmentControl.WinPhone.csproj", "{343C13CF-0687-47D4-8AA3-33DB4BEC2F96}"
EndProject
Project("{FAE04EC0-301F-11D3-BF4B-00C04F79EFBC}") = "AppointmentControl.Windows", "AppointmentControl\AppointmentControl.Windows\AppointmentControl.Windows.csproj", "{159F8E63-069C-43F7-8328-3EA2E4B300D2}"
EndProject
Project("{FAE04EC0-301F-11D3-BF4B-00C04F79EFBC}") = "AppointmentControl", "AppointmentControl\AppointmentControl\AppointmentControl.csproj", "{4B819E1F-31A0-4E8A-88F8-FA2D16AF85A0}"
EndProject
Project("{2150E333-8FDC-42A3-9474-1A3956D46DE8}") = ".nuget", ".nuget", "{1150D4C5-25E5-4887-9101-050FED0320A2}"
	ProjectSection(SolutionItems) = preProject
		.nuget\NuGet.Config = .nuget\NuGet.Config
		.nuget\NuGet.exe = .nuget\NuGet.exe
		.nuget\NuGet.targets = .nuget\NuGet.targets
	EndProjectSection
EndProject
Global
	GlobalSection(SolutionConfigurationPlatforms) = preSolution
		Ad-Hoc|Any CPU = Ad-Hoc|Any CPU
		Ad-Hoc|ARM = Ad-Hoc|ARM
		Ad-Hoc|iPhone = Ad-Hoc|iPhone
		Ad-Hoc|iPhoneSimulator = Ad-Hoc|iPhoneSimulator
		Ad-Hoc|Mixed Platforms = Ad-Hoc|Mixed Platforms
		Ad-Hoc|x64 = Ad-Hoc|x64
		Ad-Hoc|x86 = Ad-Hoc|x86
		AppStore|Any CPU = AppStore|Any CPU
		AppStore|ARM = AppStore|ARM
		AppStore|iPhone = AppStore|iPhone
		AppStore|iPhoneSimulator = AppStore|iPhoneSimulator
		AppStore|Mixed Platforms = AppStore|Mixed Platforms
		AppStore|x64 = AppStore|x64
		AppStore|x86 = AppStore|x86
		Debug|Any CPU = Debug|Any CPU
		Debug|ARM = Debug|ARM
		Debug|iPhone = Debug|iPhone
		Debug|iPhoneSimulator = Debug|iPhoneSimulator
		Debug|Mixed Platforms = Debug|Mixed Platforms
		Debug|x64 = Debug|x64
		Debug|x86 = Debug|x86
		Release|Any CPU = Release|Any CPU
		Release|ARM = Release|ARM
		Release|iPhone = Release|iPhone
		Release|iPhoneSimulator = Release|iPhoneSimulator
		Release|Mixed Platforms = Release|Mixed Platforms
		Release|x64 = Release|x64
		Release|x86 = Release|x86
	EndGlobalSection
	GlobalSection(ProjectConfigurationPlatforms) = postSolution
		{C92BA176-054F-4221-B2FF-18A0328DF4B9}.Ad-Hoc|Any CPU.ActiveCfg = Release|Any CPU
		{C92BA176-054F-4221-B2FF-18A0328DF4B9}.Ad-Hoc|Any CPU.Build.0 = Release|Any CPU
		{C92BA176-054F-4221-B2FF-18A0328DF4B9}.Ad-Hoc|Any CPU.Deploy.0 = Release|Any CPU
		{C92BA176-054F-4221-B2FF-18A0328DF4B9}.Ad-Hoc|ARM.ActiveCfg = Release|Any CPU
		{C92BA176-054F-4221-B2FF-18A0328DF4B9}.Ad-Hoc|iPhone.ActiveCfg = Release|Any CPU
		{C92BA176-054F-4221-B2FF-18A0328DF4B9}.Ad-Hoc|iPhoneSimulator.ActiveCfg = Release|Any CPU
		{C92BA176-054F-4221-B2FF-18A0328DF4B9}.Ad-Hoc|Mixed Platforms.ActiveCfg = Release|Any CPU
		{C92BA176-054F-4221-B2FF-18A0328DF4B9}.Ad-Hoc|Mixed Platforms.Build.0 = Release|Any CPU
		{C92BA176-054F-4221-B2FF-18A0328DF4B9}.Ad-Hoc|Mixed Platforms.Deploy.0 = Release|Any CPU
		{C92BA176-054F-4221-B2FF-18A0328DF4B9}.Ad-Hoc|x64.ActiveCfg = Release|Any CPU
		{C92BA176-054F-4221-B2FF-18A0328DF4B9}.Ad-Hoc|x86.ActiveCfg = Release|Any CPU
		{C92BA176-054F-4221-B2FF-18A0328DF4B9}.AppStore|Any CPU.ActiveCfg = Release|Any CPU
		{C92BA176-054F-4221-B2FF-18A0328DF4B9}.AppStore|Any CPU.Build.0 = Release|Any CPU
		{C92BA176-054F-4221-B2FF-18A0328DF4B9}.AppStore|Any CPU.Deploy.0 = Release|Any CPU
		{C92BA176-054F-4221-B2FF-18A0328DF4B9}.AppStore|ARM.ActiveCfg = Release|Any CPU
		{C92BA176-054F-4221-B2FF-18A0328DF4B9}.AppStore|iPhone.ActiveCfg = Release|Any CPU
		{C92BA176-054F-4221-B2FF-18A0328DF4B9}.AppStore|iPhoneSimulator.ActiveCfg = Release|Any CPU
		{C92BA176-054F-4221-B2FF-18A0328DF4B9}.AppStore|Mixed Platforms.ActiveCfg = Release|Any CPU
		{C92BA176-054F-4221-B2FF-18A0328DF4B9}.AppStore|Mixed Platforms.Build.0 = Release|Any CPU
		{C92BA176-054F-4221-B2FF-18A0328DF4B9}.AppStore|Mixed Platforms.Deploy.0 = Release|Any CPU
		{C92BA176-054F-4221-B2FF-18A0328DF4B9}.AppStore|x64.ActiveCfg = Release|Any CPU
		{C92BA176-054F-4221-B2FF-18A0328DF4B9}.AppStore|x86.ActiveCfg = Release|Any CPU
		{C92BA176-054F-4221-B2FF-18A0328DF4B9}.Debug|Any CPU.ActiveCfg = Debug|Any CPU
		{C92BA176-054F-4221-B2FF-18A0328DF4B9}.Debug|Any CPU.Build.0 = Debug|Any CPU
		{C92BA176-054F-4221-B2FF-18A0328DF4B9}.Debug|Any CPU.Deploy.0 = Debug|Any CPU
		{C92BA176-054F-4221-B2FF-18A0328DF4B9}.Debug|ARM.ActiveCfg = Debug|Any CPU
		{C92BA176-054F-4221-B2FF-18A0328DF4B9}.Debug|iPhone.ActiveCfg = Debug|Any CPU
		{C92BA176-054F-4221-B2FF-18A0328DF4B9}.Debug|iPhoneSimulator.ActiveCfg = Debug|Any CPU
		{C92BA176-054F-4221-B2FF-18A0328DF4B9}.Debug|Mixed Platforms.ActiveCfg = Debug|Any CPU
		{C92BA176-054F-4221-B2FF-18A0328DF4B9}.Debug|Mixed Platforms.Build.0 = Debug|Any CPU
		{C92BA176-054F-4221-B2FF-18A0328DF4B9}.Debug|Mixed Platforms.Deploy.0 = Debug|Any CPU
		{C92BA176-054F-4221-B2FF-18A0328DF4B9}.Debug|x64.ActiveCfg = Debug|Any CPU
		{C92BA176-054F-4221-B2FF-18A0328DF4B9}.Debug|x86.ActiveCfg = Debug|Any CPU
		{C92BA176-054F-4221-B2FF-18A0328DF4B9}.Release|Any CPU.ActiveCfg = Release|Any CPU
		{C92BA176-054F-4221-B2FF-18A0328DF4B9}.Release|Any CPU.Build.0 = Release|Any CPU
		{C92BA176-054F-4221-B2FF-18A0328DF4B9}.Release|Any CPU.Deploy.0 = Release|Any CPU
		{C92BA176-054F-4221-B2FF-18A0328DF4B9}.Release|ARM.ActiveCfg = Release|Any CPU
		{C92BA176-054F-4221-B2FF-18A0328DF4B9}.Release|iPhone.ActiveCfg = Release|Any CPU
		{C92BA176-054F-4221-B2FF-18A0328DF4B9}.Release|iPhoneSimulator.ActiveCfg = Release|Any CPU
		{C92BA176-054F-4221-B2FF-18A0328DF4B9}.Release|Mixed Platforms.ActiveCfg = Release|Any CPU
		{C92BA176-054F-4221-B2FF-18A0328DF4B9}.Release|Mixed Platforms.Build.0 = Release|Any CPU
		{C92BA176-054F-4221-B2FF-18A0328DF4B9}.Release|Mixed Platforms.Deploy.0 = Release|Any CPU
		{C92BA176-054F-4221-B2FF-18A0328DF4B9}.Release|x64.ActiveCfg = Release|Any CPU
		{C92BA176-054F-4221-B2FF-18A0328DF4B9}.Release|x86.ActiveCfg = Release|Any CPU
		{50622033-50AA-4A5C-A0A7-694CF45DC250}.Ad-Hoc|Any CPU.ActiveCfg = Ad-Hoc|iPhone
		{50622033-50AA-4A5C-A0A7-694CF45DC250}.Ad-Hoc|ARM.ActiveCfg = Ad-Hoc|iPhone
		{50622033-50AA-4A5C-A0A7-694CF45DC250}.Ad-Hoc|iPhone.ActiveCfg = Ad-Hoc|iPhone
		{50622033-50AA-4A5C-A0A7-694CF45DC250}.Ad-Hoc|iPhone.Build.0 = Ad-Hoc|iPhone
		{50622033-50AA-4A5C-A0A7-694CF45DC250}.Ad-Hoc|iPhoneSimulator.ActiveCfg = Ad-Hoc|iPhoneSimulator
		{50622033-50AA-4A5C-A0A7-694CF45DC250}.Ad-Hoc|iPhoneSimulator.Build.0 = Ad-Hoc|iPhoneSimulator
		{50622033-50AA-4A5C-A0A7-694CF45DC250}.Ad-Hoc|Mixed Platforms.ActiveCfg = Ad-Hoc|iPhone
		{50622033-50AA-4A5C-A0A7-694CF45DC250}.Ad-Hoc|Mixed Platforms.Build.0 = Ad-Hoc|iPhone
		{50622033-50AA-4A5C-A0A7-694CF45DC250}.Ad-Hoc|x64.ActiveCfg = Ad-Hoc|iPhone
		{50622033-50AA-4A5C-A0A7-694CF45DC250}.Ad-Hoc|x86.ActiveCfg = Ad-Hoc|iPhone
		{50622033-50AA-4A5C-A0A7-694CF45DC250}.AppStore|Any CPU.ActiveCfg = AppStore|iPhone
		{50622033-50AA-4A5C-A0A7-694CF45DC250}.AppStore|ARM.ActiveCfg = AppStore|iPhone
		{50622033-50AA-4A5C-A0A7-694CF45DC250}.AppStore|iPhone.ActiveCfg = AppStore|iPhone
		{50622033-50AA-4A5C-A0A7-694CF45DC250}.AppStore|iPhone.Build.0 = AppStore|iPhone
		{50622033-50AA-4A5C-A0A7-694CF45DC250}.AppStore|iPhoneSimulator.ActiveCfg = AppStore|iPhoneSimulator
		{50622033-50AA-4A5C-A0A7-694CF45DC250}.AppStore|iPhoneSimulator.Build.0 = AppStore|iPhoneSimulator
		{50622033-50AA-4A5C-A0A7-694CF45DC250}.AppStore|Mixed Platforms.ActiveCfg = AppStore|iPhone
		{50622033-50AA-4A5C-A0A7-694CF45DC250}.AppStore|Mixed Platforms.Build.0 = AppStore|iPhone
		{50622033-50AA-4A5C-A0A7-694CF45DC250}.AppStore|x64.ActiveCfg = AppStore|iPhone
		{50622033-50AA-4A5C-A0A7-694CF45DC250}.AppStore|x86.ActiveCfg = AppStore|iPhone
		{50622033-50AA-4A5C-A0A7-694CF45DC250}.Debug|Any CPU.ActiveCfg = Debug|iPhone
		{50622033-50AA-4A5C-A0A7-694CF45DC250}.Debug|Any CPU.Build.0 = Debug|iPhone
		{50622033-50AA-4A5C-A0A7-694CF45DC250}.Debug|ARM.ActiveCfg = Debug|iPhone
		{50622033-50AA-4A5C-A0A7-694CF45DC250}.Debug|iPhone.ActiveCfg = Debug|iPhone
		{50622033-50AA-4A5C-A0A7-694CF45DC250}.Debug|iPhone.Build.0 = Debug|iPhone
		{50622033-50AA-4A5C-A0A7-694CF45DC250}.Debug|iPhoneSimulator.ActiveCfg = Debug|iPhoneSimulator
		{50622033-50AA-4A5C-A0A7-694CF45DC250}.Debug|iPhoneSimulator.Deploy.0 = Debug|iPhoneSimulator
		{50622033-50AA-4A5C-A0A7-694CF45DC250}.Debug|Mixed Platforms.ActiveCfg = Debug|iPhone
		{50622033-50AA-4A5C-A0A7-694CF45DC250}.Debug|Mixed Platforms.Build.0 = Debug|iPhone
		{50622033-50AA-4A5C-A0A7-694CF45DC250}.Debug|x64.ActiveCfg = Debug|iPhone
		{50622033-50AA-4A5C-A0A7-694CF45DC250}.Debug|x86.ActiveCfg = Debug|iPhone
		{50622033-50AA-4A5C-A0A7-694CF45DC250}.Release|Any CPU.ActiveCfg = Release|iPhone
		{50622033-50AA-4A5C-A0A7-694CF45DC250}.Release|ARM.ActiveCfg = Release|iPhone
		{50622033-50AA-4A5C-A0A7-694CF45DC250}.Release|iPhone.ActiveCfg = Release|iPhone
		{50622033-50AA-4A5C-A0A7-694CF45DC250}.Release|iPhone.Build.0 = Release|iPhone
		{50622033-50AA-4A5C-A0A7-694CF45DC250}.Release|iPhoneSimulator.ActiveCfg = Release|iPhoneSimulator
		{50622033-50AA-4A5C-A0A7-694CF45DC250}.Release|iPhoneSimulator.Build.0 = Release|iPhoneSimulator
		{50622033-50AA-4A5C-A0A7-694CF45DC250}.Release|Mixed Platforms.ActiveCfg = Release|iPhone
		{50622033-50AA-4A5C-A0A7-694CF45DC250}.Release|Mixed Platforms.Build.0 = Release|iPhone
		{50622033-50AA-4A5C-A0A7-694CF45DC250}.Release|x64.ActiveCfg = Release|iPhone
		{50622033-50AA-4A5C-A0A7-694CF45DC250}.Release|x86.ActiveCfg = Release|iPhone
		{343C13CF-0687-47D4-8AA3-33DB4BEC2F96}.Ad-Hoc|Any CPU.ActiveCfg = Release|Any CPU
		{343C13CF-0687-47D4-8AA3-33DB4BEC2F96}.Ad-Hoc|Any CPU.Build.0 = Release|Any CPU
		{343C13CF-0687-47D4-8AA3-33DB4BEC2F96}.Ad-Hoc|Any CPU.Deploy.0 = Release|Any CPU
		{343C13CF-0687-47D4-8AA3-33DB4BEC2F96}.Ad-Hoc|ARM.ActiveCfg = Release|ARM
		{343C13CF-0687-47D4-8AA3-33DB4BEC2F96}.Ad-Hoc|ARM.Build.0 = Release|ARM
		{343C13CF-0687-47D4-8AA3-33DB4BEC2F96}.Ad-Hoc|ARM.Deploy.0 = Release|ARM
		{343C13CF-0687-47D4-8AA3-33DB4BEC2F96}.Ad-Hoc|iPhone.ActiveCfg = Release|Any CPU
		{343C13CF-0687-47D4-8AA3-33DB4BEC2F96}.Ad-Hoc|iPhoneSimulator.ActiveCfg = Release|Any CPU
		{343C13CF-0687-47D4-8AA3-33DB4BEC2F96}.Ad-Hoc|Mixed Platforms.ActiveCfg = Release|x86
		{343C13CF-0687-47D4-8AA3-33DB4BEC2F96}.Ad-Hoc|Mixed Platforms.Build.0 = Release|x86
		{343C13CF-0687-47D4-8AA3-33DB4BEC2F96}.Ad-Hoc|Mixed Platforms.Deploy.0 = Release|x86
		{343C13CF-0687-47D4-8AA3-33DB4BEC2F96}.Ad-Hoc|x64.ActiveCfg = Release|Any CPU
		{343C13CF-0687-47D4-8AA3-33DB4BEC2F96}.Ad-Hoc|x86.ActiveCfg = Release|x86
		{343C13CF-0687-47D4-8AA3-33DB4BEC2F96}.Ad-Hoc|x86.Build.0 = Release|x86
		{343C13CF-0687-47D4-8AA3-33DB4BEC2F96}.Ad-Hoc|x86.Deploy.0 = Release|x86
		{343C13CF-0687-47D4-8AA3-33DB4BEC2F96}.AppStore|Any CPU.ActiveCfg = Release|Any CPU
		{343C13CF-0687-47D4-8AA3-33DB4BEC2F96}.AppStore|Any CPU.Build.0 = Release|Any CPU
		{343C13CF-0687-47D4-8AA3-33DB4BEC2F96}.AppStore|Any CPU.Deploy.0 = Release|Any CPU
		{343C13CF-0687-47D4-8AA3-33DB4BEC2F96}.AppStore|ARM.ActiveCfg = Release|ARM
		{343C13CF-0687-47D4-8AA3-33DB4BEC2F96}.AppStore|ARM.Build.0 = Release|ARM
		{343C13CF-0687-47D4-8AA3-33DB4BEC2F96}.AppStore|ARM.Deploy.0 = Release|ARM
		{343C13CF-0687-47D4-8AA3-33DB4BEC2F96}.AppStore|iPhone.ActiveCfg = Release|Any CPU
		{343C13CF-0687-47D4-8AA3-33DB4BEC2F96}.AppStore|iPhoneSimulator.ActiveCfg = Release|Any CPU
		{343C13CF-0687-47D4-8AA3-33DB4BEC2F96}.AppStore|Mixed Platforms.ActiveCfg = Release|x86
		{343C13CF-0687-47D4-8AA3-33DB4BEC2F96}.AppStore|Mixed Platforms.Build.0 = Release|x86
		{343C13CF-0687-47D4-8AA3-33DB4BEC2F96}.AppStore|Mixed Platforms.Deploy.0 = Release|x86
		{343C13CF-0687-47D4-8AA3-33DB4BEC2F96}.AppStore|x64.ActiveCfg = Release|Any CPU
		{343C13CF-0687-47D4-8AA3-33DB4BEC2F96}.AppStore|x86.ActiveCfg = Release|x86
		{343C13CF-0687-47D4-8AA3-33DB4BEC2F96}.AppStore|x86.Build.0 = Release|x86
		{343C13CF-0687-47D4-8AA3-33DB4BEC2F96}.AppStore|x86.Deploy.0 = Release|x86
		{343C13CF-0687-47D4-8AA3-33DB4BEC2F96}.Debug|Any CPU.ActiveCfg = Debug|Any CPU
		{343C13CF-0687-47D4-8AA3-33DB4BEC2F96}.Debug|Any CPU.Build.0 = Debug|Any CPU
		{343C13CF-0687-47D4-8AA3-33DB4BEC2F96}.Debug|ARM.ActiveCfg = Debug|ARM
		{343C13CF-0687-47D4-8AA3-33DB4BEC2F96}.Debug|ARM.Build.0 = Debug|ARM
		{343C13CF-0687-47D4-8AA3-33DB4BEC2F96}.Debug|ARM.Deploy.0 = Debug|ARM
		{343C13CF-0687-47D4-8AA3-33DB4BEC2F96}.Debug|iPhone.ActiveCfg = Debug|Any CPU
		{343C13CF-0687-47D4-8AA3-33DB4BEC2F96}.Debug|iPhoneSimulator.ActiveCfg = Debug|Any CPU
		{343C13CF-0687-47D4-8AA3-33DB4BEC2F96}.Debug|Mixed Platforms.ActiveCfg = Debug|x86
		{343C13CF-0687-47D4-8AA3-33DB4BEC2F96}.Debug|x64.ActiveCfg = Debug|Any CPU
		{343C13CF-0687-47D4-8AA3-33DB4BEC2F96}.Debug|x86.ActiveCfg = Debug|x86
		{343C13CF-0687-47D4-8AA3-33DB4BEC2F96}.Debug|x86.Build.0 = Debug|x86
		{343C13CF-0687-47D4-8AA3-33DB4BEC2F96}.Debug|x86.Deploy.0 = Debug|x86
		{343C13CF-0687-47D4-8AA3-33DB4BEC2F96}.Release|Any CPU.ActiveCfg = Release|Any CPU
		{343C13CF-0687-47D4-8AA3-33DB4BEC2F96}.Release|Any CPU.Build.0 = Release|Any CPU
		{343C13CF-0687-47D4-8AA3-33DB4BEC2F96}.Release|Any CPU.Deploy.0 = Release|Any CPU
		{343C13CF-0687-47D4-8AA3-33DB4BEC2F96}.Release|ARM.ActiveCfg = Release|ARM
		{343C13CF-0687-47D4-8AA3-33DB4BEC2F96}.Release|ARM.Build.0 = Release|ARM
		{343C13CF-0687-47D4-8AA3-33DB4BEC2F96}.Release|ARM.Deploy.0 = Release|ARM
		{343C13CF-0687-47D4-8AA3-33DB4BEC2F96}.Release|iPhone.ActiveCfg = Release|Any CPU
		{343C13CF-0687-47D4-8AA3-33DB4BEC2F96}.Release|iPhoneSimulator.ActiveCfg = Release|Any CPU
		{343C13CF-0687-47D4-8AA3-33DB4BEC2F96}.Release|Mixed Platforms.ActiveCfg = Release|x86
		{343C13CF-0687-47D4-8AA3-33DB4BEC2F96}.Release|Mixed Platforms.Build.0 = Release|x86
		{343C13CF-0687-47D4-8AA3-33DB4BEC2F96}.Release|Mixed Platforms.Deploy.0 = Release|x86
		{343C13CF-0687-47D4-8AA3-33DB4BEC2F96}.Release|x64.ActiveCfg = Release|Any CPU
		{343C13CF-0687-47D4-8AA3-33DB4BEC2F96}.Release|x86.ActiveCfg = Release|x86
		{343C13CF-0687-47D4-8AA3-33DB4BEC2F96}.Release|x86.Build.0 = Release|x86
		{343C13CF-0687-47D4-8AA3-33DB4BEC2F96}.Release|x86.Deploy.0 = Release|x86
		{159F8E63-069C-43F7-8328-3EA2E4B300D2}.Ad-Hoc|Any CPU.ActiveCfg = Release|Any CPU
		{159F8E63-069C-43F7-8328-3EA2E4B300D2}.Ad-Hoc|Any CPU.Build.0 = Release|Any CPU
		{159F8E63-069C-43F7-8328-3EA2E4B300D2}.Ad-Hoc|Any CPU.Deploy.0 = Release|Any CPU
		{159F8E63-069C-43F7-8328-3EA2E4B300D2}.Ad-Hoc|ARM.ActiveCfg = Release|ARM
		{159F8E63-069C-43F7-8328-3EA2E4B300D2}.Ad-Hoc|ARM.Build.0 = Release|ARM
		{159F8E63-069C-43F7-8328-3EA2E4B300D2}.Ad-Hoc|ARM.Deploy.0 = Release|ARM
		{159F8E63-069C-43F7-8328-3EA2E4B300D2}.Ad-Hoc|iPhone.ActiveCfg = Release|Any CPU
		{159F8E63-069C-43F7-8328-3EA2E4B300D2}.Ad-Hoc|iPhoneSimulator.ActiveCfg = Release|Any CPU
		{159F8E63-069C-43F7-8328-3EA2E4B300D2}.Ad-Hoc|Mixed Platforms.ActiveCfg = Release|x86
		{159F8E63-069C-43F7-8328-3EA2E4B300D2}.Ad-Hoc|Mixed Platforms.Build.0 = Release|x86
		{159F8E63-069C-43F7-8328-3EA2E4B300D2}.Ad-Hoc|Mixed Platforms.Deploy.0 = Release|x86
		{159F8E63-069C-43F7-8328-3EA2E4B300D2}.Ad-Hoc|x64.ActiveCfg = Release|x64
		{159F8E63-069C-43F7-8328-3EA2E4B300D2}.Ad-Hoc|x64.Build.0 = Release|x64
		{159F8E63-069C-43F7-8328-3EA2E4B300D2}.Ad-Hoc|x64.Deploy.0 = Release|x64
		{159F8E63-069C-43F7-8328-3EA2E4B300D2}.Ad-Hoc|x86.ActiveCfg = Release|x86
		{159F8E63-069C-43F7-8328-3EA2E4B300D2}.Ad-Hoc|x86.Build.0 = Release|x86
		{159F8E63-069C-43F7-8328-3EA2E4B300D2}.Ad-Hoc|x86.Deploy.0 = Release|x86
		{159F8E63-069C-43F7-8328-3EA2E4B300D2}.AppStore|Any CPU.ActiveCfg = Release|Any CPU
		{159F8E63-069C-43F7-8328-3EA2E4B300D2}.AppStore|Any CPU.Build.0 = Release|Any CPU
		{159F8E63-069C-43F7-8328-3EA2E4B300D2}.AppStore|Any CPU.Deploy.0 = Release|Any CPU
		{159F8E63-069C-43F7-8328-3EA2E4B300D2}.AppStore|ARM.ActiveCfg = Release|ARM
		{159F8E63-069C-43F7-8328-3EA2E4B300D2}.AppStore|ARM.Build.0 = Release|ARM
		{159F8E63-069C-43F7-8328-3EA2E4B300D2}.AppStore|ARM.Deploy.0 = Release|ARM
		{159F8E63-069C-43F7-8328-3EA2E4B300D2}.AppStore|iPhone.ActiveCfg = Release|Any CPU
		{159F8E63-069C-43F7-8328-3EA2E4B300D2}.AppStore|iPhoneSimulator.ActiveCfg = Release|Any CPU
		{159F8E63-069C-43F7-8328-3EA2E4B300D2}.AppStore|Mixed Platforms.ActiveCfg = Release|x86
		{159F8E63-069C-43F7-8328-3EA2E4B300D2}.AppStore|Mixed Platforms.Build.0 = Release|x86
		{159F8E63-069C-43F7-8328-3EA2E4B300D2}.AppStore|Mixed Platforms.Deploy.0 = Release|x86
		{159F8E63-069C-43F7-8328-3EA2E4B300D2}.AppStore|x64.ActiveCfg = Release|x64
		{159F8E63-069C-43F7-8328-3EA2E4B300D2}.AppStore|x64.Build.0 = Release|x64
		{159F8E63-069C-43F7-8328-3EA2E4B300D2}.AppStore|x64.Deploy.0 = Release|x64
		{159F8E63-069C-43F7-8328-3EA2E4B300D2}.AppStore|x86.ActiveCfg = Release|x86
		{159F8E63-069C-43F7-8328-3EA2E4B300D2}.AppStore|x86.Build.0 = Release|x86
		{159F8E63-069C-43F7-8328-3EA2E4B300D2}.AppStore|x86.Deploy.0 = Release|x86
		{159F8E63-069C-43F7-8328-3EA2E4B300D2}.Debug|Any CPU.ActiveCfg = Debug|Any CPU
		{159F8E63-069C-43F7-8328-3EA2E4B300D2}.Debug|Any CPU.Build.0 = Debug|Any CPU
		{159F8E63-069C-43F7-8328-3EA2E4B300D2}.Debug|ARM.ActiveCfg = Debug|ARM
		{159F8E63-069C-43F7-8328-3EA2E4B300D2}.Debug|ARM.Build.0 = Debug|ARM
		{159F8E63-069C-43F7-8328-3EA2E4B300D2}.Debug|ARM.Deploy.0 = Debug|ARM
		{159F8E63-069C-43F7-8328-3EA2E4B300D2}.Debug|iPhone.ActiveCfg = Debug|Any CPU
		{159F8E63-069C-43F7-8328-3EA2E4B300D2}.Debug|iPhoneSimulator.ActiveCfg = Debug|Any CPU
		{159F8E63-069C-43F7-8328-3EA2E4B300D2}.Debug|Mixed Platforms.ActiveCfg = Debug|x86
		{159F8E63-069C-43F7-8328-3EA2E4B300D2}.Debug|x64.ActiveCfg = Debug|x64
		{159F8E63-069C-43F7-8328-3EA2E4B300D2}.Debug|x64.Build.0 = Debug|x64
		{159F8E63-069C-43F7-8328-3EA2E4B300D2}.Debug|x64.Deploy.0 = Debug|x64
		{159F8E63-069C-43F7-8328-3EA2E4B300D2}.Debug|x86.ActiveCfg = Debug|x86
		{159F8E63-069C-43F7-8328-3EA2E4B300D2}.Debug|x86.Build.0 = Debug|x86
		{159F8E63-069C-43F7-8328-3EA2E4B300D2}.Debug|x86.Deploy.0 = Debug|x86
		{159F8E63-069C-43F7-8328-3EA2E4B300D2}.Release|Any CPU.ActiveCfg = Release|Any CPU
		{159F8E63-069C-43F7-8328-3EA2E4B300D2}.Release|Any CPU.Build.0 = Release|Any CPU
		{159F8E63-069C-43F7-8328-3EA2E4B300D2}.Release|Any CPU.Deploy.0 = Release|Any CPU
		{159F8E63-069C-43F7-8328-3EA2E4B300D2}.Release|ARM.ActiveCfg = Release|ARM
		{159F8E63-069C-43F7-8328-3EA2E4B300D2}.Release|ARM.Build.0 = Release|ARM
		{159F8E63-069C-43F7-8328-3EA2E4B300D2}.Release|ARM.Deploy.0 = Release|ARM
		{159F8E63-069C-43F7-8328-3EA2E4B300D2}.Release|iPhone.ActiveCfg = Release|Any CPU
		{159F8E63-069C-43F7-8328-3EA2E4B300D2}.Release|iPhoneSimulator.ActiveCfg = Release|Any CPU
		{159F8E63-069C-43F7-8328-3EA2E4B300D2}.Release|Mixed Platforms.ActiveCfg = Release|x86
		{159F8E63-069C-43F7-8328-3EA2E4B300D2}.Release|Mixed Platforms.Build.0 = Release|x86
		{159F8E63-069C-43F7-8328-3EA2E4B300D2}.Release|Mixed Platforms.Deploy.0 = Release|x86
		{159F8E63-069C-43F7-8328-3EA2E4B300D2}.Release|x64.ActiveCfg = Release|x64
		{159F8E63-069C-43F7-8328-3EA2E4B300D2}.Release|x64.Build.0 = Release|x64
		{159F8E63-069C-43F7-8328-3EA2E4B300D2}.Release|x64.Deploy.0 = Release|x64
		{159F8E63-069C-43F7-8328-3EA2E4B300D2}.Release|x86.ActiveCfg = Release|x86
		{159F8E63-069C-43F7-8328-3EA2E4B300D2}.Release|x86.Build.0 = Release|x86
		{159F8E63-069C-43F7-8328-3EA2E4B300D2}.Release|x86.Deploy.0 = Release|x86
		{4B819E1F-31A0-4E8A-88F8-FA2D16AF85A0}.Ad-Hoc|Any CPU.ActiveCfg = Release|Any CPU
		{4B819E1F-31A0-4E8A-88F8-FA2D16AF85A0}.Ad-Hoc|Any CPU.Build.0 = Release|Any CPU
		{4B819E1F-31A0-4E8A-88F8-FA2D16AF85A0}.Ad-Hoc|ARM.ActiveCfg = Release|Any CPU
		{4B819E1F-31A0-4E8A-88F8-FA2D16AF85A0}.Ad-Hoc|iPhone.ActiveCfg = Release|Any CPU
		{4B819E1F-31A0-4E8A-88F8-FA2D16AF85A0}.Ad-Hoc|iPhone.Build.0 = Release|Any CPU
		{4B819E1F-31A0-4E8A-88F8-FA2D16AF85A0}.Ad-Hoc|iPhoneSimulator.ActiveCfg = Release|Any CPU
		{4B819E1F-31A0-4E8A-88F8-FA2D16AF85A0}.Ad-Hoc|iPhoneSimulator.Build.0 = Release|Any CPU
		{4B819E1F-31A0-4E8A-88F8-FA2D16AF85A0}.Ad-Hoc|Mixed Platforms.ActiveCfg = Release|Any CPU
		{4B819E1F-31A0-4E8A-88F8-FA2D16AF85A0}.Ad-Hoc|Mixed Platforms.Build.0 = Release|Any CPU
		{4B819E1F-31A0-4E8A-88F8-FA2D16AF85A0}.Ad-Hoc|x64.ActiveCfg = Release|Any CPU
		{4B819E1F-31A0-4E8A-88F8-FA2D16AF85A0}.Ad-Hoc|x86.ActiveCfg = Release|Any CPU
		{4B819E1F-31A0-4E8A-88F8-FA2D16AF85A0}.AppStore|Any CPU.ActiveCfg = Release|Any CPU
		{4B819E1F-31A0-4E8A-88F8-FA2D16AF85A0}.AppStore|Any CPU.Build.0 = Release|Any CPU
		{4B819E1F-31A0-4E8A-88F8-FA2D16AF85A0}.AppStore|ARM.ActiveCfg = Release|Any CPU
		{4B819E1F-31A0-4E8A-88F8-FA2D16AF85A0}.AppStore|iPhone.ActiveCfg = Release|Any CPU
		{4B819E1F-31A0-4E8A-88F8-FA2D16AF85A0}.AppStore|iPhone.Build.0 = Release|Any CPU
		{4B819E1F-31A0-4E8A-88F8-FA2D16AF85A0}.AppStore|iPhoneSimulator.ActiveCfg = Release|Any CPU
		{4B819E1F-31A0-4E8A-88F8-FA2D16AF85A0}.AppStore|iPhoneSimulator.Build.0 = Release|Any CPU
		{4B819E1F-31A0-4E8A-88F8-FA2D16AF85A0}.AppStore|Mixed Platforms.ActiveCfg = Release|Any CPU
		{4B819E1F-31A0-4E8A-88F8-FA2D16AF85A0}.AppStore|Mixed Platforms.Build.0 = Release|Any CPU
		{4B819E1F-31A0-4E8A-88F8-FA2D16AF85A0}.AppStore|x64.ActiveCfg = Release|Any CPU
		{4B819E1F-31A0-4E8A-88F8-FA2D16AF85A0}.AppStore|x86.ActiveCfg = Release|Any CPU
		{4B819E1F-31A0-4E8A-88F8-FA2D16AF85A0}.Debug|Any CPU.ActiveCfg = Debug|Any CPU
		{4B819E1F-31A0-4E8A-88F8-FA2D16AF85A0}.Debug|Any CPU.Build.0 = Debug|Any CPU
		{4B819E1F-31A0-4E8A-88F8-FA2D16AF85A0}.Debug|ARM.ActiveCfg = Debug|Any CPU
		{4B819E1F-31A0-4E8A-88F8-FA2D16AF85A0}.Debug|iPhone.ActiveCfg = Debug|Any CPU
		{4B819E1F-31A0-4E8A-88F8-FA2D16AF85A0}.Debug|iPhone.Build.0 = Debug|Any CPU
		{4B819E1F-31A0-4E8A-88F8-FA2D16AF85A0}.Debug|iPhoneSimulator.ActiveCfg = Debug|Any CPU
		{4B819E1F-31A0-4E8A-88F8-FA2D16AF85A0}.Debug|iPhoneSimulator.Build.0 = Debug|Any CPU
		{4B819E1F-31A0-4E8A-88F8-FA2D16AF85A0}.Debug|Mixed Platforms.ActiveCfg = Debug|Any CPU
		{4B819E1F-31A0-4E8A-88F8-FA2D16AF85A0}.Debug|Mixed Platforms.Build.0 = Debug|Any CPU
		{4B819E1F-31A0-4E8A-88F8-FA2D16AF85A0}.Debug|x64.ActiveCfg = Debug|Any CPU
		{4B819E1F-31A0-4E8A-88F8-FA2D16AF85A0}.Debug|x86.ActiveCfg = Debug|Any CPU
		{4B819E1F-31A0-4E8A-88F8-FA2D16AF85A0}.Release|Any CPU.ActiveCfg = Release|Any CPU
		{4B819E1F-31A0-4E8A-88F8-FA2D16AF85A0}.Release|Any CPU.Build.0 = Release|Any CPU
		{4B819E1F-31A0-4E8A-88F8-FA2D16AF85A0}.Release|ARM.ActiveCfg = Release|Any CPU
		{4B819E1F-31A0-4E8A-88F8-FA2D16AF85A0}.Release|iPhone.ActiveCfg = Release|Any CPU
		{4B819E1F-31A0-4E8A-88F8-FA2D16AF85A0}.Release|iPhone.Build.0 = Release|Any CPU
		{4B819E1F-31A0-4E8A-88F8-FA2D16AF85A0}.Release|iPhoneSimulator.ActiveCfg = Release|Any CPU
		{4B819E1F-31A0-4E8A-88F8-FA2D16AF85A0}.Release|iPhoneSimulator.Build.0 = Release|Any CPU
		{4B819E1F-31A0-4E8A-88F8-FA2D16AF85A0}.Release|Mixed Platforms.ActiveCfg = Release|Any CPU
		{4B819E1F-31A0-4E8A-88F8-FA2D16AF85A0}.Release|Mixed Platforms.Build.0 = Release|Any CPU
		{4B819E1F-31A0-4E8A-88F8-FA2D16AF85A0}.Release|x64.ActiveCfg = Release|Any CPU
		{4B819E1F-31A0-4E8A-88F8-FA2D16AF85A0}.Release|x86.ActiveCfg = Release|Any CPU
	EndGlobalSection
	GlobalSection(SolutionProperties) = preSolution
		HideSolutionNode = FALSE
	EndGlobalSection
EndGlobal
